<Solution>
  <Folder Name="/src/">
    <Project Path="src/EftSsMap.App/EftSsMap.App.csproj">
      <Platform Project="x64" />
    </Project>
    <Project Path="src/EftSsMap.Core/EftSsMap.Core.csproj" />
  </Folder>
  <Folder Name="/tests/">
    <Project Path="tests/EftSsMap.App.Tests/EftSsMap.App.Tests.csproj">
      <Platform Project="x64" />
    </Project>
    <Project Path="tests/EftSsMap.Core.Tests/EftSsMap.Core.Tests.csproj" />
  </Folder>
</Solution>
